github.com/kataras/golog v0.0.18 h1:Td7hcKN25yzqB/0SO5iohOsMk5Mq5V9kDtM5apaJLY0=
github.com/kataras/golog v0.0.18/go.mod h1:jRYl7dFYqP8aQj9VkwdBUXYZSfUktm+YYg1arJILfyw=
github.com/kataras/pio v0.0.8 h1:6pX6nHJk7DAV3x1dEimibQF2CmJLlo0jWVmM9yE9KY8=
github.com/kataras/pio v0.0.8/go.mod h1:NFfMp2kVP1rmV4N6gH6qgWpuoDKlrOeYi3VrAIWCGsE=
golang.org/x/sys v0.0.0-20200802091954-4b90ce9b60b3 h1:qDJKu1y/1SjhWac4BQZjLljqvqiWUhjmDMnonmVGDAU=
golang.org/x/sys v0.0.0-20200802091954-4b90ce9b60b3/go.mod h1:h1NjWce9XRLGQEsW7wpKNCjG9DtNlClVuFLEZdDNbEs=
